
Microsoft Visual Studio Solution File, Format Version 12.00
# Visual Studio Version 17
VisualStudioVersion = 17.9.34607.119
MinimumVisualStudioVersion = 10.0.40219.1
Project("{FAE04EC0-301F-11D3-BF4B-00C04F79EFBC}") = "week 2 lesson 7 exercise nr.1", "week 2 lesson 7 exercise nr.1\week 2 lesson 7 exercise nr.1.csproj", "{34452EFB-109A-4FE3-BFCF-EE6A674F4490}"
EndProject
Global
	GlobalSection(SolutionConfigurationPlatforms) = preSolution
		Debug|Any CPU = Debug|Any CPU
		Release|Any CPU = Release|Any CPU
	EndGlobalSection
	GlobalSection(ProjectConfigurationPlatforms) = postSolution
		{34452EFB-109A-4FE3-BFCF-EE6A674F4490}.Debug|Any CPU.ActiveCfg = Debug|Any CPU
		{34452EFB-109A-4FE3-BFCF-EE6A674F4490}.Debug|Any CPU.Build.0 = Debug|Any CPU
		{34452EFB-109A-4FE3-BFCF-EE6A674F4490}.Release|Any CPU.ActiveCfg = Release|Any CPU
		{34452EFB-109A-4FE3-BFCF-EE6A674F4490}.Release|Any CPU.Build.0 = Release|Any CPU
	EndGlobalSection
	GlobalSection(SolutionProperties) = preSolution
		HideSolutionNode = FALSE
	EndGlobalSection
	GlobalSection(ExtensibilityGlobals) = postSolution
		SolutionGuid = {5AD0DC92-CB9B-4F75-95FF-CC89686BCE60}
	EndGlobalSection
EndGlobal
